
Microsoft Visual Studio Solution File, Format Version 12.00
# Visual Studio Version 17
VisualStudioVersion = 17.11.35125.118
MinimumVisualStudioVersion = 10.0.40219.1
Project("{FAE04EC0-301F-11D3-BF4B-00C04F79EFBC}") = "Store.Data", "Store.Data\Store.Data.csproj", "{33675C59-A401-41F3-9291-D1435F171C56}"
EndProject
Project("{FAE04EC0-301F-11D3-BF4B-00C04F79EFBC}") = "Store.Repository", "Store.Repository\Store.Repository.csproj", "{6094D2FC-319C-46B8-845D-7BF20FF546DD}"
EndProject
Project("{FAE04EC0-301F-11D3-BF4B-00C04F79EFBC}") = "Store.Service", "Store.Service\Store.Service.csproj", "{9A884F08-25C8-414C-A96A-979FFB467A11}"
EndProject
Project("{FAE04EC0-301F-11D3-BF4B-00C04F79EFBC}") = "Store.Web", "Store.Web\Store.Web.csproj", "{11FD8BBA-4EA8-4B0C-997E-EB6E0B29E3DB}"
EndProject
Global
	GlobalSection(SolutionConfigurationPlatforms) = preSolution
		Debug|Any CPU = Debug|Any CPU
		Release|Any CPU = Release|Any CPU
	EndGlobalSection
	GlobalSection(ProjectConfigurationPlatforms) = postSolution
		{33675C59-A401-41F3-9291-D1435F171C56}.Debug|Any CPU.ActiveCfg = Debug|Any CPU
		{33675C59-A401-41F3-9291-D1435F171C56}.Debug|Any CPU.Build.0 = Debug|Any CPU
		{33675C59-A401-41F3-9291-D1435F171C56}.Release|Any CPU.ActiveCfg = Release|Any CPU
		{33675C59-A401-41F3-9291-D1435F171C56}.Release|Any CPU.Build.0 = Release|Any CPU
		{6094D2FC-319C-46B8-845D-7BF20FF546DD}.Debug|Any CPU.ActiveCfg = Debug|Any CPU
		{6094D2FC-319C-46B8-845D-7BF20FF546DD}.Debug|Any CPU.Build.0 = Debug|Any CPU
		{6094D2FC-319C-46B8-845D-7BF20FF546DD}.Release|Any CPU.ActiveCfg = Release|Any CPU
		{6094D2FC-319C-46B8-845D-7BF20FF546DD}.Release|Any CPU.Build.0 = Release|Any CPU
		{9A884F08-25C8-414C-A96A-979FFB467A11}.Debug|Any CPU.ActiveCfg = Debug|Any CPU
		{9A884F08-25C8-414C-A96A-979FFB467A11}.Debug|Any CPU.Build.0 = Debug|Any CPU
		{9A884F08-25C8-414C-A96A-979FFB467A11}.Release|Any CPU.ActiveCfg = Release|Any CPU
		{9A884F08-25C8-414C-A96A-979FFB467A11}.Release|Any CPU.Build.0 = Release|Any CPU
		{11FD8BBA-4EA8-4B0C-997E-EB6E0B29E3DB}.Debug|Any CPU.ActiveCfg = Debug|Any CPU
		{11FD8BBA-4EA8-4B0C-997E-EB6E0B29E3DB}.Debug|Any CPU.Build.0 = Debug|Any CPU
		{11FD8BBA-4EA8-4B0C-997E-EB6E0B29E3DB}.Release|Any CPU.ActiveCfg = Release|Any CPU
		{11FD8BBA-4EA8-4B0C-997E-EB6E0B29E3DB}.Release|Any CPU.Build.0 = Release|Any CPU
	EndGlobalSection
	GlobalSection(SolutionProperties) = preSolution
		HideSolutionNode = FALSE
	EndGlobalSection
	GlobalSection(ExtensibilityGlobals) = postSolution
		SolutionGuid = {4FA92D4F-34D0-4A47-8757-161954086C69}
	EndGlobalSection
EndGlobal
